
Microsoft Visual Studio Solution File, Format Version 12.00
# Visual Studio Version 17
VisualStudioVersion = 17.0.31612.314
MinimumVisualStudioVersion = 10.0.40219.1
Project("{8BC9CEB8-8B4A-11D0-8D11-00A0C91BC942}") = "gameShieldDll", "gameShieldDll.vcxproj", "{AF963661-7C3E-435E-BF0C-4B9AE4076643}"
EndProject
Global
	GlobalSection(SolutionConfigurationPlatforms) = preSolution
		Debug|x86 = Debug|x86
		Release|x86 = Release|x86
	EndGlobalSection
	GlobalSection(ProjectConfigurationPlatforms) = postSolution
		{AF963661-7C3E-435E-BF0C-4B9AE4076643}.Debug|x86.ActiveCfg = Debug|Win32
		{AF963661-7C3E-435E-BF0C-4B9AE4076643}.Debug|x86.Build.0 = Debug|Win32
		{AF963661-7C3E-435E-BF0C-4B9AE4076643}.Release|x86.ActiveCfg = Release|Win32
		{AF963661-7C3E-435E-BF0C-4B9AE4076643}.Release|x86.Build.0 = Release|Win32
	EndGlobalSection
	GlobalSection(SolutionProperties) = preSolution
		HideSolutionNode = FALSE
	EndGlobalSection
	GlobalSection(ExtensibilityGlobals) = postSolution
		SolutionGuid = {C2B6C0FD-173B-4789-90F3-159E32C60CD3}
	EndGlobalSection
EndGlobal
